{
  "name": "astn-handlers-api",
  "version": "0.5.3",
  "lockfileVersion": 2,
  "requires": true,
  "packages": {
    "": {
      "name": "astn-handlers-api",
      "version": "0.5.3",
      "license": "ISC",
      "dependencies": {
        "astn-tokenconsumer-api": "^0.3.3"
      }
    },
    "node_modules/astn-tokenconsumer-api": {
      "version": "0.3.3",
      "resolved": "https://registry.npmjs.org/astn-tokenconsumer-api/-/astn-tokenconsumer-api-0.3.3.tgz",
      "integrity": "sha512-82WA2Z5woQaJulc7I1FEVNU+JvU0eTnjYbDlZlxmAlRGJtX8gJus9BkAW/oeEqGNSYf8lAZRUsl1NOP0BuD7MA=="
    }
  },
  "dependencies": {
    "astn-tokenconsumer-api": {
      "version": "0.3.3",
      "resolved": "https://registry.npmjs.org/astn-tokenconsumer-api/-/astn-tokenconsumer-api-0.3.3.tgz",
      "integrity": "sha512-82WA2Z5woQaJulc7I1FEVNU+JvU0eTnjYbDlZlxmAlRGJtX8gJus9BkAW/oeEqGNSYf8lAZRUsl1NOP0BuD7MA=="
    }
  }
}
