{
  "name": "astn-handlers-api",
  "version": "0.4.0",
  "lockfileVersion": 2,
  "requires": true,
  "packages": {
    "": {
      "name": "astn-handlers-api",
      "version": "0.4.0",
      "license": "ISC",
      "dependencies": {
        "astn-tokenconsumer-api": "^0.3.1"
      }
    },
    "node_modules/astn-tokenconsumer-api": {
      "version": "0.3.1",
      "resolved": "https://registry.npmjs.org/astn-tokenconsumer-api/-/astn-tokenconsumer-api-0.3.1.tgz",
      "integrity": "sha512-YPcbCCJgWPv0Rn8+qBCjFtBuvN1ipJwDAbN4jgTNBE2y9o+37ZYYcXQeq56CE4LjE5yWQoukjrMe5pQDWoZ7pA=="
    }
  },
  "dependencies": {
    "astn-tokenconsumer-api": {
      "version": "0.3.1",
      "resolved": "https://registry.npmjs.org/astn-tokenconsumer-api/-/astn-tokenconsumer-api-0.3.1.tgz",
      "integrity": "sha512-YPcbCCJgWPv0Rn8+qBCjFtBuvN1ipJwDAbN4jgTNBE2y9o+37ZYYcXQeq56CE4LjE5yWQoukjrMe5pQDWoZ7pA=="
    }
  }
}
